<?xml version="1.0" encoding="utf-8"?>
<Project ToolsVersion="4.0" xmlns="http://schemas.microsoft.com/developer/msbuild/2003">
  <ItemGroup>
    <Filter Include="Source Files">
      <UniqueIdentifier>{4FC737F1-C7A5-4376-A066-2A32D752A2FF}</UniqueIdentifier>
      <Extensions>cpp;c;cc;cxx;def;odl;idl;hpj;bat;asm;asmx</Extensions>
    </Filter>
    <Filter Include="Header Files">
      <UniqueIdentifier>{93995380-89BD-4b04-88EB-625FBE52EBFB}</UniqueIdentifier>
      <Extensions>h;hpp;hxx;hm;inl;inc;xsd</Extensions>
    </Filter>
    <Filter Include="Resource Files">
      <UniqueIdentifier>{67DA6AB6-F800-4c08-8B7A-83BB121AAD01}</UniqueIdentifier>
      <Extensions>rc;ico;cur;bmp;dlg;rc2;rct;bin;rgs;gif;jpg;jpeg;jpe;resx;tiff;tif;png;wav</Extensions>
    </Filter>
  </ItemGroup>
  <ItemGroup>
    <ClCompile Include="CaltURI_plus.cpp">
      <Filter>Source Files</Filter>
    </ClCompile>
    <ClCompile Include="CaltURIApp.cpp">
      <Filter>Source Files</Filter>
    </ClCompile>
    <ClCompile Include="..\altURI_Cmd\CIniFile.cpp">
      <Filter>Source Files</Filter>
    </ClCompile>
    <ClCompile Include="ConsoleDlg.cpp">
      <Filter>Source Files</Filter>
    </ClCompile>
    <ClCompile Include="COpenCVImage.cpp">
      <Filter>Source Files</Filter>
    </ClCompile>
    <ClCompile Include="CResizeDlg.cpp">
      <Filter>Source Files</Filter>
    </ClCompile>
    <ClCompile Include="MainDlg.cpp">
      <Filter>Source Files</Filter>
    </ClCompile>
    <ClCompile Include="ProcessDlg.cpp">
      <Filter>Source Files</Filter>
    </ClCompile>
    <ClCompile Include="SensorDlg.cpp">
      <Filter>Source Files</Filter>
    </ClCompile>
    <ClCompile Include="stdafx.cpp">
      <Filter>Source Files</Filter>
    </ClCompile>
    <ClCompile Include="ImageDlg.cpp">
      <Filter>Source Files</Filter>
    </ClCompile>
  </ItemGroup>
  <ItemGroup>
    <ClInclude Include="CaltURI_plus.h">
      <Filter>Header Files</Filter>
    </ClInclude>
    <ClInclude Include="CaltURIApp.h">
      <Filter>Header Files</Filter>
    </ClInclude>
    <ClInclude Include="CDllInject.h">
      <Filter>Header Files</Filter>
    </ClInclude>
    <ClInclude Include="..\altURI_Cmd\CIniFile.h">
      <Filter>Header Files</Filter>
    </ClInclude>
    <ClInclude Include="ConsoleDlg.h">
      <Filter>Header Files</Filter>
    </ClInclude>
    <ClInclude Include="COpenCVImage.h">
      <Filter>Header Files</Filter>
    </ClInclude>
    <ClInclude Include="CResizeDlg.h">
      <Filter>Header Files</Filter>
    </ClInclude>
    <ClInclude Include="MainDlg.h">
      <Filter>Header Files</Filter>
    </ClInclude>
    <ClInclude Include="ProcessDlg.h">
      <Filter>Header Files</Filter>
    </ClInclude>
    <ClInclude Include="Resource.h">
      <Filter>Header Files</Filter>
    </ClInclude>
    <ClInclude Include="SensorDlg.h">
      <Filter>Header Files</Filter>
    </ClInclude>
    <ClInclude Include="stdafx.h">
      <Filter>Header Files</Filter>
    </ClInclude>
    <ClInclude Include="targetver.h">
      <Filter>Header Files</Filter>
    </ClInclude>
    <ClInclude Include="ImageDlg.h">
      <Filter>Header Files</Filter>
    </ClInclude>
  </ItemGroup>
  <ItemGroup>
    <ResourceCompile Include="altURI_UI.rc">
      <Filter>Resource Files</Filter>
    </ResourceCompile>
  </ItemGroup>
  <ItemGroup>
    <None Include="res\altURI_UI.rc2">
      <Filter>Resource Files</Filter>
    </None>
    <None Include="res\arrow_back.ico">
      <Filter>Resource Files</Filter>
    </None>
    <None Include="res\arrow_down.ico">
      <Filter>Resource Files</Filter>
    </None>
    <None Include="res\arrow_forward.ico">
      <Filter>Resource Files</Filter>
    </None>
    <None Include="res\arrow_left.ico">
      <Filter>Resource Files</Filter>
    </None>
    <None Include="res\arrow_left_forward.ico">
      <Filter>Resource Files</Filter>
    </None>
    <None Include="res\arrow_right.ico">
      <Filter>Resource Files</Filter>
    </None>
    <None Include="res\arrow_right_forward.ico">
      <Filter>Resource Files</Filter>
    </None>
    <None Include="res\arrow_up.ico">
      <Filter>Resource Files</Filter>
    </None>
    <None Include="res\robot_imp.ico">
      <Filter>Resource Files</Filter>
    </None>
    <None Include="res\UOL.ico">
      <Filter>Resource Files</Filter>
    </None>
    <None Include="altURI_UI.ini" />
    <None Include="ut2004 commands.txt" />
    <None Include="res\General Black Portrait small.bmp">
      <Filter>Resource Files</Filter>
    </None>
  </ItemGroup>
</Project>